
Microsoft Visual Studio Solution File, Format Version 12.00
# Visual Studio Version 17
VisualStudioVersion = 17.3.32929.385
MinimumVisualStudioVersion = 10.0.40219.1
Project("{8BC9CEB8-8B4A-11D0-8D11-00A0C91BC942}") = "dzGitBranch", "dzGitBranch\dzGitBranch.vcxproj", "{46F21449-DCC2-469F-B6AA-CC0D7575CB35}"
EndProject
Global
	GlobalSection(SolutionConfigurationPlatforms) = preSolution
		Debug|x64 = Debug|x64
		Debug|x86 = Debug|x86
		Release|x64 = Release|x64
		Release|x86 = Release|x86
	EndGlobalSection
	GlobalSection(ProjectConfigurationPlatforms) = postSolution
		{46F21449-DCC2-469F-B6AA-CC0D7575CB35}.Debug|x64.ActiveCfg = Debug|x64
		{46F21449-DCC2-469F-B6AA-CC0D7575CB35}.Debug|x64.Build.0 = Debug|x64
		{46F21449-DCC2-469F-B6AA-CC0D7575CB35}.Debug|x86.ActiveCfg = Debug|Win32
		{46F21449-DCC2-469F-B6AA-CC0D7575CB35}.Debug|x86.Build.0 = Debug|Win32
		{46F21449-DCC2-469F-B6AA-CC0D7575CB35}.Release|x64.ActiveCfg = Release|x64
		{46F21449-DCC2-469F-B6AA-CC0D7575CB35}.Release|x64.Build.0 = Release|x64
		{46F21449-DCC2-469F-B6AA-CC0D7575CB35}.Release|x86.ActiveCfg = Release|Win32
		{46F21449-DCC2-469F-B6AA-CC0D7575CB35}.Release|x86.Build.0 = Release|Win32
	EndGlobalSection
	GlobalSection(SolutionProperties) = preSolution
		HideSolutionNode = FALSE
	EndGlobalSection
	GlobalSection(ExtensibilityGlobals) = postSolution
		SolutionGuid = {A5BE168E-B064-43A7-ADD4-91E8317E3C17}
	EndGlobalSection
EndGlobal
